
Microsoft Visual Studio Solution File, Format Version 12.00
# Visual Studio Version 16
VisualStudioVersion = 16.0.29326.143
MinimumVisualStudioVersion = 10.0.40219.1
Project("{FAE04EC0-301F-11D3-BF4B-00C04F79EFBC}") = "Assembly-CSharp", "virtual-colony\Assembly-CSharp.csproj", "{44996401-0BC2-05A4-C38E-06E316D044A7}"
EndProject
Global
	GlobalSection(SolutionConfigurationPlatforms) = preSolution
		Debug|Any CPU = Debug|Any CPU
		Release|Any CPU = Release|Any CPU
	EndGlobalSection
	GlobalSection(ProjectConfigurationPlatforms) = postSolution
		{44996401-0BC2-05A4-C38E-06E316D044A7}.Debug|Any CPU.ActiveCfg = Debug|Any CPU
		{44996401-0BC2-05A4-C38E-06E316D044A7}.Debug|Any CPU.Build.0 = Debug|Any CPU
		{44996401-0BC2-05A4-C38E-06E316D044A7}.Release|Any CPU.ActiveCfg = Release|Any CPU
		{44996401-0BC2-05A4-C38E-06E316D044A7}.Release|Any CPU.Build.0 = Release|Any CPU
	EndGlobalSection
	GlobalSection(SolutionProperties) = preSolution
		HideSolutionNode = FALSE
	EndGlobalSection
	GlobalSection(ExtensibilityGlobals) = postSolution
		SolutionGuid = {96400A05-3E09-40D1-BD9F-7183D45A7E8C}
	EndGlobalSection
	GlobalSection(MonoDevelopProperties) = preSolution
		StartupItem = Assembly-CSharp.csproj
	EndGlobalSection
EndGlobal
